
Microsoft Visual Studio Solution File, Format Version 12.00
# Visual Studio Version 17
VisualStudioVersion = 17.11.35327.3
MinimumVisualStudioVersion = 10.0.40219.1
Project("{FAE04EC0-301F-11D3-BF4B-00C04F79EFBC}") = "Projekt_Czesc1_PH", "Projekt_Czesc1_PH\Projekt_Czesc1_PH.csproj", "{C32CEAFE-13C4-406B-8F24-E9A62EBF5241}"
EndProject
Global
	GlobalSection(SolutionConfigurationPlatforms) = preSolution
		Debug|Any CPU = Debug|Any CPU
		Release|Any CPU = Release|Any CPU
	EndGlobalSection
	GlobalSection(ProjectConfigurationPlatforms) = postSolution
		{C32CEAFE-13C4-406B-8F24-E9A62EBF5241}.Debug|Any CPU.ActiveCfg = Debug|Any CPU
		{C32CEAFE-13C4-406B-8F24-E9A62EBF5241}.Debug|Any CPU.Build.0 = Debug|Any CPU
		{C32CEAFE-13C4-406B-8F24-E9A62EBF5241}.Release|Any CPU.ActiveCfg = Release|Any CPU
		{C32CEAFE-13C4-406B-8F24-E9A62EBF5241}.Release|Any CPU.Build.0 = Release|Any CPU
	EndGlobalSection
	GlobalSection(SolutionProperties) = preSolution
		HideSolutionNode = FALSE
	EndGlobalSection
	GlobalSection(ExtensibilityGlobals) = postSolution
		SolutionGuid = {530D69C4-0DE2-4A7B-B862-0A849A1F0322}
	EndGlobalSection
EndGlobal
